
Microsoft Visual Studio Solution File, Format Version 12.00
# Visual Studio 14
VisualStudioVersion = 14.0.25420.1
MinimumVisualStudioVersion = 10.0.40219.1
Project("{FAE04EC0-301F-11D3-BF4B-00C04F79EFBC}") = "LoopTask1", "LoopTask1\LoopTask1.csproj", "{A7BCA9D9-9A00-4F72-83F0-AE158670FBBD}"
EndProject
Project("{FAE04EC0-301F-11D3-BF4B-00C04F79EFBC}") = "LoopTask2", "LoopTask2\LoopTask2.csproj", "{D0664354-F4CC-4E8B-B94F-EABC4D9CBFD3}"
EndProject
Project("{FAE04EC0-301F-11D3-BF4B-00C04F79EFBC}") = "LoopTask3", "LoopTask3\LoopTask3.csproj", "{2138BBF8-0F34-41EA-B87D-AD7A062D6AD1}"
EndProject
Project("{FAE04EC0-301F-11D3-BF4B-00C04F79EFBC}") = "LoopTask4", "LoopTask4\LoopTask4.csproj", "{AEE40BE9-F80E-4766-B05C-648C15D5B3B6}"
EndProject
Project("{FAE04EC0-301F-11D3-BF4B-00C04F79EFBC}") = "LoopTask5", "LoopTask5\LoopTask5.csproj", "{874B6233-F1EE-47E6-8BDB-5C76B7585E3A}"
EndProject
Project("{FAE04EC0-301F-11D3-BF4B-00C04F79EFBC}") = "LoopTask6", "LoopTask6\LoopTask6.csproj", "{D629E8F5-A463-4D39-8844-03CDB6AC2550}"
EndProject
Project("{FAE04EC0-301F-11D3-BF4B-00C04F79EFBC}") = "LoopTask7", "LoopTask7\LoopTask7.csproj", "{E8E62578-661A-4782-B4E9-F1C48F6FD879}"
EndProject
Project("{FAE04EC0-301F-11D3-BF4B-00C04F79EFBC}") = "LoopTask8", "LoopTask8\LoopTask8.csproj", "{851E1FCC-53D9-4FCC-A7ED-07AE64ED096A}"
EndProject
Project("{FAE04EC0-301F-11D3-BF4B-00C04F79EFBC}") = "LoopTask9", "LoopTask9\LoopTask9.csproj", "{F3DE1E3E-38E8-4C16-8900-C71CEC25B2FA}"
EndProject
Project("{FAE04EC0-301F-11D3-BF4B-00C04F79EFBC}") = "LoopTask10", "LoopTask10\LoopTask10.csproj", "{CD603D38-5803-46F0-A08B-1B3186794A29}"
EndProject
Project("{FAE04EC0-301F-11D3-BF4B-00C04F79EFBC}") = "LoopTask11", "LoopTask11\LoopTask11.csproj", "{7A0B539D-022E-44A3-8D45-04770420C9C2}"
EndProject
Global
	GlobalSection(SolutionConfigurationPlatforms) = preSolution
		Debug|Any CPU = Debug|Any CPU
		Release|Any CPU = Release|Any CPU
	EndGlobalSection
	GlobalSection(ProjectConfigurationPlatforms) = postSolution
		{A7BCA9D9-9A00-4F72-83F0-AE158670FBBD}.Debug|Any CPU.ActiveCfg = Debug|Any CPU
		{A7BCA9D9-9A00-4F72-83F0-AE158670FBBD}.Debug|Any CPU.Build.0 = Debug|Any CPU
		{A7BCA9D9-9A00-4F72-83F0-AE158670FBBD}.Release|Any CPU.ActiveCfg = Release|Any CPU
		{A7BCA9D9-9A00-4F72-83F0-AE158670FBBD}.Release|Any CPU.Build.0 = Release|Any CPU
		{D0664354-F4CC-4E8B-B94F-EABC4D9CBFD3}.Debug|Any CPU.ActiveCfg = Debug|Any CPU
		{D0664354-F4CC-4E8B-B94F-EABC4D9CBFD3}.Debug|Any CPU.Build.0 = Debug|Any CPU
		{D0664354-F4CC-4E8B-B94F-EABC4D9CBFD3}.Release|Any CPU.ActiveCfg = Release|Any CPU
		{D0664354-F4CC-4E8B-B94F-EABC4D9CBFD3}.Release|Any CPU.Build.0 = Release|Any CPU
		{2138BBF8-0F34-41EA-B87D-AD7A062D6AD1}.Debug|Any CPU.ActiveCfg = Debug|Any CPU
		{2138BBF8-0F34-41EA-B87D-AD7A062D6AD1}.Debug|Any CPU.Build.0 = Debug|Any CPU
		{2138BBF8-0F34-41EA-B87D-AD7A062D6AD1}.Release|Any CPU.ActiveCfg = Release|Any CPU
		{2138BBF8-0F34-41EA-B87D-AD7A062D6AD1}.Release|Any CPU.Build.0 = Release|Any CPU
		{AEE40BE9-F80E-4766-B05C-648C15D5B3B6}.Debug|Any CPU.ActiveCfg = Debug|Any CPU
		{AEE40BE9-F80E-4766-B05C-648C15D5B3B6}.Debug|Any CPU.Build.0 = Debug|Any CPU
		{AEE40BE9-F80E-4766-B05C-648C15D5B3B6}.Release|Any CPU.ActiveCfg = Release|Any CPU
		{AEE40BE9-F80E-4766-B05C-648C15D5B3B6}.Release|Any CPU.Build.0 = Release|Any CPU
		{874B6233-F1EE-47E6-8BDB-5C76B7585E3A}.Debug|Any CPU.ActiveCfg = Debug|Any CPU
		{874B6233-F1EE-47E6-8BDB-5C76B7585E3A}.Debug|Any CPU.Build.0 = Debug|Any CPU
		{874B6233-F1EE-47E6-8BDB-5C76B7585E3A}.Release|Any CPU.ActiveCfg = Release|Any CPU
		{874B6233-F1EE-47E6-8BDB-5C76B7585E3A}.Release|Any CPU.Build.0 = Release|Any CPU
		{D629E8F5-A463-4D39-8844-03CDB6AC2550}.Debug|Any CPU.ActiveCfg = Debug|Any CPU
		{D629E8F5-A463-4D39-8844-03CDB6AC2550}.Debug|Any CPU.Build.0 = Debug|Any CPU
		{D629E8F5-A463-4D39-8844-03CDB6AC2550}.Release|Any CPU.ActiveCfg = Release|Any CPU
		{D629E8F5-A463-4D39-8844-03CDB6AC2550}.Release|Any CPU.Build.0 = Release|Any CPU
		{E8E62578-661A-4782-B4E9-F1C48F6FD879}.Debug|Any CPU.ActiveCfg = Debug|Any CPU
		{E8E62578-661A-4782-B4E9-F1C48F6FD879}.Debug|Any CPU.Build.0 = Debug|Any CPU
		{E8E62578-661A-4782-B4E9-F1C48F6FD879}.Release|Any CPU.ActiveCfg = Release|Any CPU
		{E8E62578-661A-4782-B4E9-F1C48F6FD879}.Release|Any CPU.Build.0 = Release|Any CPU
		{851E1FCC-53D9-4FCC-A7ED-07AE64ED096A}.Debug|Any CPU.ActiveCfg = Debug|Any CPU
		{851E1FCC-53D9-4FCC-A7ED-07AE64ED096A}.Debug|Any CPU.Build.0 = Debug|Any CPU
		{851E1FCC-53D9-4FCC-A7ED-07AE64ED096A}.Release|Any CPU.ActiveCfg = Release|Any CPU
		{851E1FCC-53D9-4FCC-A7ED-07AE64ED096A}.Release|Any CPU.Build.0 = Release|Any CPU
		{F3DE1E3E-38E8-4C16-8900-C71CEC25B2FA}.Debug|Any CPU.ActiveCfg = Debug|Any CPU
		{F3DE1E3E-38E8-4C16-8900-C71CEC25B2FA}.Debug|Any CPU.Build.0 = Debug|Any CPU
		{F3DE1E3E-38E8-4C16-8900-C71CEC25B2FA}.Release|Any CPU.ActiveCfg = Release|Any CPU
		{F3DE1E3E-38E8-4C16-8900-C71CEC25B2FA}.Release|Any CPU.Build.0 = Release|Any CPU
		{CD603D38-5803-46F0-A08B-1B3186794A29}.Debug|Any CPU.ActiveCfg = Debug|Any CPU
		{CD603D38-5803-46F0-A08B-1B3186794A29}.Debug|Any CPU.Build.0 = Debug|Any CPU
		{CD603D38-5803-46F0-A08B-1B3186794A29}.Release|Any CPU.ActiveCfg = Release|Any CPU
		{CD603D38-5803-46F0-A08B-1B3186794A29}.Release|Any CPU.Build.0 = Release|Any CPU
		{7A0B539D-022E-44A3-8D45-04770420C9C2}.Debug|Any CPU.ActiveCfg = Debug|Any CPU
		{7A0B539D-022E-44A3-8D45-04770420C9C2}.Debug|Any CPU.Build.0 = Debug|Any CPU
		{7A0B539D-022E-44A3-8D45-04770420C9C2}.Release|Any CPU.ActiveCfg = Release|Any CPU
		{7A0B539D-022E-44A3-8D45-04770420C9C2}.Release|Any CPU.Build.0 = Release|Any CPU
	EndGlobalSection
	GlobalSection(SolutionProperties) = preSolution
		HideSolutionNode = FALSE
	EndGlobalSection
EndGlobal
